
Microsoft Visual Studio Solution File, Format Version 12.00
# Visual Studio Version 17
VisualStudioVersion = 17.4.33213.308
MinimumVisualStudioVersion = 10.0.40219.1
Project("{FAE04EC0-301F-11D3-BF4B-00C04F79EFBC}") = "ValoresEmOrdemDecrescente", "ValoresEmOrdemDecrescente\ValoresEmOrdemDecrescente.csproj", "{1BDF8D56-AE4C-4E22-AB45-D7EF2DFF6412}"
EndProject
Global
	GlobalSection(SolutionConfigurationPlatforms) = preSolution
		Debug|Any CPU = Debug|Any CPU
		Release|Any CPU = Release|Any CPU
	EndGlobalSection
	GlobalSection(ProjectConfigurationPlatforms) = postSolution
		{1BDF8D56-AE4C-4E22-AB45-D7EF2DFF6412}.Debug|Any CPU.ActiveCfg = Debug|Any CPU
		{1BDF8D56-AE4C-4E22-AB45-D7EF2DFF6412}.Debug|Any CPU.Build.0 = Debug|Any CPU
		{1BDF8D56-AE4C-4E22-AB45-D7EF2DFF6412}.Release|Any CPU.ActiveCfg = Release|Any CPU
		{1BDF8D56-AE4C-4E22-AB45-D7EF2DFF6412}.Release|Any CPU.Build.0 = Release|Any CPU
	EndGlobalSection
	GlobalSection(SolutionProperties) = preSolution
		HideSolutionNode = FALSE
	EndGlobalSection
	GlobalSection(ExtensibilityGlobals) = postSolution
		SolutionGuid = {56C7C828-BC21-40C5-860F-3E7265F3920A}
	EndGlobalSection
EndGlobal
